// !$*UTF8*$!
{
	archiveVersion = 1;
	classes = {
	};
	objectVersion = 46;
	objects = {

/* Begin PBXBuildFile section */
		F291BA041A155002005342DB /* main.m in Sources */ = {isa = PBXBuildFile; fileRef = F291BA031A155002005342DB /* main.m */; };
		F291BA071A155002005342DB /* AppDelegate.m in Sources */ = {isa = PBXBuildFile; fileRef = F291BA061A155002005342DB /* AppDelegate.m */; };
		F291BA0A1A155002005342DB /* ViewController.m in Sources */ = {isa = PBXBuildFile; fileRef = F291BA091A155002005342DB /* ViewController.m */; };
		F291BA0D1A155002005342DB /* Main.storyboard in Resources */ = {isa = PBXBuildFile; fileRef = F291BA0B1A155002005342DB /* Main.storyboard */; };
		F291BA0F1A155003005342DB /* Images.xcassets in Resources */ = {isa = PBXBuildFile; fileRef = F291BA0E1A155003005342DB /* Images.xcassets */; };
		F291BA121A155003005342DB /* LaunchScreen.xib in Resources */ = {isa = PBXBuildFile; fileRef = F291BA101A155003005342DB /* LaunchScreen.xib */; };
		F291BA1E1A155003005342DB /* Google_ButtonTests.m in Sources */ = {isa = PBXBuildFile; fileRef = F291BA1D1A155003005342DB /* Google_ButtonTests.m */; };
		F291BA291A15548F005342DB /* ExpandoButton.m in Sources */ = {isa = PBXBuildFile; fileRef = F291BA281A15548F005342DB /* ExpandoButton.m */; };
/* End PBXBuildFile section */

/* Begin PBXContainerItemProxy section */
		F291BA181A155003005342DB /* PBXContainerItemProxy */ = {
			isa = PBXContainerItemProxy;
			containerPortal = F291B9F61A155002005342DB /* Project object */;
			proxyType = 1;
			remoteGlobalIDString = F291B9FD1A155002005342DB;
			remoteInfo = "Google Button";
		};
/* End PBXContainerItemProxy section */

/* Begin PBXFileReference section */
		F291B9FE1A155002005342DB /* Google Button.app */ = {isa = PBXFileReference; explicitFileType = wrapper.application; includeInIndex = 0; path = "Google Button.app"; sourceTree = BUILT_PRODUCTS_DIR; };
		F291BA021A155002005342DB /* Info.plist */ = {isa = PBXFileReference; lastKnownFileType = text.plist.xml; path = Info.plist; sourceTree = "<group>"; };
		F291BA031A155002005342DB /* main.m */ = {isa = PBXFileReference; lastKnownFileType = sourcecode.c.objc; path = main.m; sourceTree = "<group>"; };
		F291BA051A155002005342DB /* AppDelegate.h */ = {isa = PBXFileReference; lastKnownFileType = sourcecode.c.h; path = AppDelegate.h; sourceTree = "<group>"; };
		F291BA061A155002005342DB /* AppDelegate.m */ = {isa = PBXFileReference; lastKnownFileType = sourcecode.c.objc; path = AppDelegate.m; sourceTree = "<group>"; };
		F291BA081A155002005342DB /* ViewController.h */ = {isa = PBXFileReference; lastKnownFileType = sourcecode.c.h; path = ViewController.h; sourceTree = "<group>"; };
		F291BA091A155002005342DB /* ViewController.m */ = {isa = PBXFileReference; lastKnownFileType = sourcecode.c.objc; path = ViewController.m; sourceTree = "<group>"; };
		F291BA0C1A155002005342DB /* Base */ = {isa = PBXFileReference; lastKnownFileType = file.storyboard; name = Base; path = Base.lproj/Main.storyboard; sourceTree = "<group>"; };
		F291BA0E1A155003005342DB /* Images.xcassets */ = {isa = PBXFileReference; lastKnownFileType = folder.assetcatalog; path = Images.xcassets; sourceTree = "<group>"; };
		F291BA111A155003005342DB /* Base */ = {isa = PBXFileReference; lastKnownFileType = file.xib; name = Base; path = Base.lproj/LaunchScreen.xib; sourceTree = "<group>"; };
		F291BA171A155003005342DB /* Google ButtonTests.xctest */ = {isa = PBXFileReference; explicitFileType = wrapper.cfbundle; includeInIndex = 0; path = "Google ButtonTests.xctest"; sourceTree = BUILT_PRODUCTS_DIR; };
		F291BA1C1A155003005342DB /* Info.plist */ = {isa = PBXFileReference; lastKnownFileType = text.plist.xml; path = Info.plist; sourceTree = "<group>"; };
		F291BA1D1A155003005342DB /* Google_ButtonTests.m */ = {isa = PBXFileReference; lastKnownFileType = sourcecode.c.objc; path = Google_ButtonTests.m; sourceTree = "<group>"; };
		F291BA271A15548F005342DB /* ExpandoButton.h */ = {isa = PBXFileReference; fileEncoding = 4; lastKnownFileType = sourcecode.c.h; path = ExpandoButton.h; sourceTree = "<group>"; };
		F291BA281A15548F005342DB /* ExpandoButton.m */ = {isa = PBXFileReference; fileEncoding = 4; lastKnownFileType = sourcecode.c.objc; path = ExpandoButton.m; sourceTree = "<group>"; };
/* End PBXFileReference section */

/* Begin PBXFrameworksBuildPhase section */
		F291B9FB1A155002005342DB /* Frameworks */ = {
			isa = PBXFrameworksBuildPhase;
			buildActionMask = 2147483647;
			files = (
			);
			runOnlyForDeploymentPostprocessing = 0;
		};
		F291BA141A155003005342DB /* Frameworks */ = {
			isa = PBXFrameworksBuildPhase;
			buildActionMask = 2147483647;
			files = (
			);
			runOnlyForDeploymentPostprocessing = 0;
		};
/* End PBXFrameworksBuildPhase section */

/* Begin PBXGroup section */
		F291B9F51A155002005342DB = {
			isa = PBXGroup;
			children = (
				F291BA001A155002005342DB /* Google Button */,
				F291BA1A1A155003005342DB /* Google ButtonTests */,
				F291B9FF1A155002005342DB /* Products */,
			);
			sourceTree = "<group>";
		};
		F291B9FF1A155002005342DB /* Products */ = {
			isa = PBXGroup;
			children = (
				F291B9FE1A155002005342DB /* Google Button.app */,
				F291BA171A155003005342DB /* Google ButtonTests.xctest */,
			);
			name = Products;
			sourceTree = "<group>";
		};
		F291BA001A155002005342DB /* Google Button */ = {
			isa = PBXGroup;
			children = (
				F291BA051A155002005342DB /* AppDelegate.h */,
				F291BA061A155002005342DB /* AppDelegate.m */,
				F291BA081A155002005342DB /* ViewController.h */,
				F291BA091A155002005342DB /* ViewController.m */,
				F291BA0B1A155002005342DB /* Main.storyboard */,
				F291BA271A15548F005342DB /* ExpandoButton.h */,
				F291BA281A15548F005342DB /* ExpandoButton.m */,
				F291BA0E1A155003005342DB /* Images.xcassets */,
				F291BA101A155003005342DB /* LaunchScreen.xib */,
				F291BA011A155002005342DB /* Supporting Files */,
			);
			path = "Google Button";
			sourceTree = "<group>";
		};
		F291BA011A155002005342DB /* Supporting Files */ = {
			isa = PBXGroup;
			children = (
				F291BA021A155002005342DB /* Info.plist */,
				F291BA031A155002005342DB /* main.m */,
			);
			name = "Supporting Files";
			sourceTree = "<group>";
		};
		F291BA1A1A155003005342DB /* Google ButtonTests */ = {
			isa = PBXGroup;
			children = (
				F291BA1D1A155003005342DB /* Google_ButtonTests.m */,
				F291BA1B1A155003005342DB /* Supporting Files */,
			);
			path = "Google ButtonTests";
			sourceTree = "<group>";
		};
		F291BA1B1A155003005342DB /* Supporting Files */ = {
			isa = PBXGroup;
			children = (
				F291BA1C1A155003005342DB /* Info.plist */,
			);
			name = "Supporting Files";
			sourceTree = "<group>";
		};
/* End PBXGroup section */

/* Begin PBXNativeTarget section */
		F291B9FD1A155002005342DB /* Google Button */ = {
			isa = PBXNativeTarget;
			buildConfigurationList = F291BA211A155003005342DB /* Build configuration list for PBXNativeTarget "Google Button" */;
			buildPhases = (
				F291B9FA1A155002005342DB /* Sources */,
				F291B9FB1A155002005342DB /* Frameworks */,
				F291B9FC1A155002005342DB /* Resources */,
			);
			buildRules = (
			);
			dependencies = (
			);
			name = "Google Button";
			productName = "Google Button";
			productReference = F291B9FE1A155002005342DB /* Google Button.app */;
			productType = "com.apple.product-type.application";
		};
		F291BA161A155003005342DB /* Google ButtonTests */ = {
			isa = PBXNativeTarget;
			buildConfigurationList = F291BA241A155003005342DB /* Build configuration list for PBXNativeTarget "Google ButtonTests" */;
			buildPhases = (
				F291BA131A155003005342DB /* Sources */,
				F291BA141A155003005342DB /* Frameworks */,
				F291BA151A155003005342DB /* Resources */,
			);
			buildRules = (
			);
			dependencies = (
				F291BA191A155003005342DB /* PBXTargetDependency */,
			);
			name = "Google ButtonTests";
			productName = "Google ButtonTests";
			productReference = F291BA171A155003005342DB /* Google ButtonTests.xctest */;
			productType = "com.apple.product-type.bundle.unit-test";
		};
/* End PBXNativeTarget section */

/* Begin PBXProject section */
		F291B9F61A155002005342DB /* Project object */ = {
			isa = PBXProject;
			attributes = {
				LastUpgradeCheck = 0610;
				ORGANIZATIONNAME = "App Partner";
				TargetAttributes = {
					F291B9FD1A155002005342DB = {
						CreatedOnToolsVersion = 6.1;
					};
					F291BA161A155003005342DB = {
						CreatedOnToolsVersion = 6.1;
						TestTargetID = F291B9FD1A155002005342DB;
					};
				};
			};
			buildConfigurationList = F291B9F91A155002005342DB /* Build configuration list for PBXProject "Google Button" */;
			compatibilityVersion = "Xcode 3.2";
			developmentRegion = English;
			hasScannedForEncodings = 0;
			knownRegions = (
				en,
				Base,
			);
			mainGroup = F291B9F51A155002005342DB;
			productRefGroup = F291B9FF1A155002005342DB /* Products */;
			projectDirPath = "";
			projectRoot = "";
			targets = (
				F291B9FD1A155002005342DB /* Google Button */,
				F291BA161A155003005342DB /* Google ButtonTests */,
			);
		};
/* End PBXProject section */

/* Begin PBXResourcesBuildPhase section */
		F291B9FC1A155002005342DB /* Resources */ = {
			isa = PBXResourcesBuildPhase;
			buildActionMask = 2147483647;
			files = (
				F291BA0D1A155002005342DB /* Main.storyboard in Resources */,
				F291BA121A155003005342DB /* LaunchScreen.xib in Resources */,
				F291BA0F1A155003005342DB /* Images.xcassets in Resources */,
			);
			runOnlyForDeploymentPostprocessing = 0;
		};
		F291BA151A155003005342DB /* Resources */ = {
			isa = PBXResourcesBuildPhase;
			buildActionMask = 2147483647;
			files = (
			);
			runOnlyForDeploymentPostprocessing = 0;
		};
/* End PBXResourcesBuildPhase section */

/* Begin PBXSourcesBuildPhase section */
		F291B9FA1A155002005342DB /* Sources */ = {
			isa = PBXSourcesBuildPhase;
			buildActionMask = 2147483647;
			files = (
				F291BA0A1A155002005342DB /* ViewController.m in Sources */,
				F291BA291A15548F005342DB /* ExpandoButton.m in Sources */,
				F291BA071A155002005342DB /* AppDelegate.m in Sources */,
				F291BA041A155002005342DB /* main.m in Sources */,
			);
			runOnlyForDeploymentPostprocessing = 0;
		};
		F291BA131A155003005342DB /* Sources */ = {
			isa = PBXSourcesBuildPhase;
			buildActionMask = 2147483647;
			files = (
				F291BA1E1A155003005342DB /* Google_ButtonTests.m in Sources */,
			);
			runOnlyForDeploymentPostprocessing = 0;
		};
/* End PBXSourcesBuildPhase section */

/* Begin PBXTargetDependency section */
		F291BA191A155003005342DB /* PBXTargetDependency */ = {
			isa = PBXTargetDependency;
			target = F291B9FD1A155002005342DB /* Google Button */;
			targetProxy = F291BA181A155003005342DB /* PBXContainerItemProxy */;
		};
/* End PBXTargetDependency section */

/* Begin PBXVariantGroup section */
		F291BA0B1A155002005342DB /* Main.storyboard */ = {
			isa = PBXVariantGroup;
			children = (
				F291BA0C1A155002005342DB /* Base */,
			);
			name = Main.storyboard;
			sourceTree = "<group>";
		};
		F291BA101A155003005342DB /* LaunchScreen.xib */ = {
			isa = PBXVariantGroup;
			children = (
				F291BA111A155003005342DB /* Base */,
			);
			name = LaunchScreen.xib;
			sourceTree = "<group>";
		};
/* End PBXVariantGroup section */

/* Begin XCBuildConfiguration section */
		F291BA1F1A155003005342DB /* Debug */ = {
			isa = XCBuildConfiguration;
			buildSettings = {
				ALWAYS_SEARCH_USER_PATHS = NO;
				CLANG_CXX_LANGUAGE_STANDARD = "gnu++0x";
				CLANG_CXX_LIBRARY = "libc++";
				CLANG_ENABLE_MODULES = YES;
				CLANG_ENABLE_OBJC_ARC = YES;
				CLANG_WARN_BOOL_CONVERSION = YES;
				CLANG_WARN_CONSTANT_CONVERSION = YES;
				CLANG_WARN_DIRECT_OBJC_ISA_USAGE = YES_ERROR;
				CLANG_WARN_EMPTY_BODY = YES;
				CLANG_WARN_ENUM_CONVERSION = YES;
				CLANG_WARN_INT_CONVERSION = YES;
				CLANG_WARN_OBJC_ROOT_CLASS = YES_ERROR;
				CLANG_WARN_UNREACHABLE_CODE = YES;
				CLANG_WARN__DUPLICATE_METHOD_MATCH = YES;
				"CODE_SIGN_IDENTITY[sdk=iphoneos*]" = "iPhone Developer";
				COPY_PHASE_STRIP = NO;
				ENABLE_STRICT_OBJC_MSGSEND = YES;
				GCC_C_LANGUAGE_STANDARD = gnu99;
				GCC_DYNAMIC_NO_PIC = NO;
				GCC_OPTIMIZATION_LEVEL = 0;
				GCC_PREPROCESSOR_DEFINITIONS = (
					"DEBUG=1",
					"$(inherited)",
				);
				GCC_SYMBOLS_PRIVATE_EXTERN = NO;
				GCC_WARN_64_TO_32_BIT_CONVERSION = YES;
				GCC_WARN_ABOUT_RETURN_TYPE = YES_ERROR;
				GCC_WARN_UNDECLARED_SELECTOR = YES;
				GCC_WARN_UNINITIALIZED_AUTOS = YES_AGGRESSIVE;
				GCC_WARN_UNUSED_FUNCTION = YES;
				GCC_WARN_UNUSED_VARIABLE = YES;
				IPHONEOS_DEPLOYMENT_TARGET = 8.1;
				MTL_ENABLE_DEBUG_INFO = YES;
				ONLY_ACTIVE_ARCH = YES;
				SDKROOT = iphoneos;
			};
			name = Debug;
		};
		F291BA201A155003005342DB /* Release */ = {
			isa = XCBuildConfiguration;
			buildSettings = {
				ALWAYS_SEARCH_USER_PATHS = NO;
				CLANG_CXX_LANGUAGE_STANDARD = "gnu++0x";
				CLANG_CXX_LIBRARY = "libc++";
				CLANG_ENABLE_MODULES = YES;
				CLANG_ENABLE_OBJC_ARC = YES;
				CLANG_WARN_BOOL_CONVERSION = YES;
				CLANG_WARN_CONSTANT_CONVERSION = YES;
				CLANG_WARN_DIRECT_OBJC_ISA_USAGE = YES_ERROR;
				CLANG_WARN_EMPTY_BODY = YES;
				CLANG_WARN_ENUM_CONVERSION = YES;
				CLANG_WARN_INT_CONVERSION = YES;
				CLANG_WARN_OBJC_ROOT_CLASS = YES_ERROR;
				CLANG_WARN_UNREACHABLE_CODE = YES;
				CLANG_WARN__DUPLICATE_METHOD_MATCH = YES;
				"CODE_SIGN_IDENTITY[sdk=iphoneos*]" = "iPhone Developer";
				COPY_PHASE_STRIP = YES;
				ENABLE_NS_ASSERTIONS = NO;
				ENABLE_STRICT_OBJC_MSGSEND = YES;
				GCC_C_LANGUAGE_STANDARD = gnu99;
				GCC_WARN_64_TO_32_BIT_CONVERSION = YES;
				GCC_WARN_ABOUT_RETURN_TYPE = YES_ERROR;
				GCC_WARN_UNDECLARED_SELECTOR = YES;
				GCC_WARN_UNINITIALIZED_AUTOS = YES_AGGRESSIVE;
				GCC_WARN_UNUSED_FUNCTION = YES;
				GCC_WARN_UNUSED_VARIABLE = YES;
				IPHONEOS_DEPLOYMENT_TARGET = 8.1;
				MTL_ENABLE_DEBUG_INFO = NO;
				SDKROOT = iphoneos;
				VALIDATE_PRODUCT = YES;
			};
			name = Release;
		};
		F291BA221A155003005342DB /* Debug */ = {
			isa = XCBuildConfiguration;
			buildSettings = {
				ASSETCATALOG_COMPILER_APPICON_NAME = AppIcon;
				INFOPLIST_FILE = "Google Button/Info.plist";
				LD_RUNPATH_SEARCH_PATHS = "$(inherited) @executable_path/Frameworks";
				PRODUCT_NAME = "$(TARGET_NAME)";
			};
			name = Debug;
		};
		F291BA231A155003005342DB /* Release */ = {
			isa = XCBuildConfiguration;
			buildSettings = {
				ASSETCATALOG_COMPILER_APPICON_NAME = AppIcon;
				INFOPLIST_FILE = "Google Button/Info.plist";
				LD_RUNPATH_SEARCH_PATHS = "$(inherited) @executable_path/Frameworks";
				PRODUCT_NAME = "$(TARGET_NAME)";
			};
			name = Release;
		};
		F291BA251A155003005342DB /* Debug */ = {
			isa = XCBuildConfiguration;
			buildSettings = {
				BUNDLE_LOADER = "$(TEST_HOST)";
				FRAMEWORK_SEARCH_PATHS = (
					"$(SDKROOT)/Developer/Library/Frameworks",
					"$(inherited)",
				);
				GCC_PREPROCESSOR_DEFINITIONS = (
					"DEBUG=1",
					"$(inherited)",
				);
				INFOPLIST_FILE = "Google ButtonTests/Info.plist";
				LD_RUNPATH_SEARCH_PATHS = "$(inherited) @executable_path/Frameworks @loader_path/Frameworks";
				PRODUCT_NAME = "$(TARGET_NAME)";
				TEST_HOST = "$(BUILT_PRODUCTS_DIR)/Google Button.app/Google Button";
			};
			name = Debug;
		};
		F291BA261A155003005342DB /* Release */ = {
			isa = XCBuildConfiguration;
			buildSettings = {
				BUNDLE_LOADER = "$(TEST_HOST)";
				FRAMEWORK_SEARCH_PATHS = (
					"$(SDKROOT)/Developer/Library/Frameworks",
					"$(inherited)",
				);
				INFOPLIST_FILE = "Google ButtonTests/Info.plist";
				LD_RUNPATH_SEARCH_PATHS = "$(inherited) @executable_path/Frameworks @loader_path/Frameworks";
				PRODUCT_NAME = "$(TARGET_NAME)";
				TEST_HOST = "$(BUILT_PRODUCTS_DIR)/Google Button.app/Google Button";
			};
			name = Release;
		};
/* End XCBuildConfiguration section */

/* Begin XCConfigurationList section */
		F291B9F91A155002005342DB /* Build configuration list for PBXProject "Google Button" */ = {
			isa = XCConfigurationList;
			buildConfigurations = (
				F291BA1F1A155003005342DB /* Debug */,
				F291BA201A155003005342DB /* Release */,
			);
			defaultConfigurationIsVisible = 0;
			defaultConfigurationName = Release;
		};
		F291BA211A155003005342DB /* Build configuration list for PBXNativeTarget "Google Button" */ = {
			isa = XCConfigurationList;
			buildConfigurations = (
				F291BA221A155003005342DB /* Debug */,
				F291BA231A155003005342DB /* Release */,
			);
			defaultConfigurationIsVisible = 0;
		};
		F291BA241A155003005342DB /* Build configuration list for PBXNativeTarget "Google ButtonTests" */ = {
			isa = XCConfigurationList;
			buildConfigurations = (
				F291BA251A155003005342DB /* Debug */,
				F291BA261A155003005342DB /* Release */,
			);
			defaultConfigurationIsVisible = 0;
		};
/* End XCConfigurationList section */
	};
	rootObject = F291B9F61A155002005342DB /* Project object */;
}
